
Microsoft Visual Studio Solution File, Format Version 12.00
# Visual Studio Version 17
VisualStudioVersion = 17.11.35327.3
MinimumVisualStudioVersion = 10.0.40219.1
Project("{FAE04EC0-301F-11D3-BF4B-00C04F79EFBC}") = "Yort.DeadManSwitch.Demo", "Yort.DeadManSwitch.Demo\Yort.DeadManSwitch.Demo.csproj", "{F3CC56E3-29C7-42C7-8601-84E643EC84D9}"
EndProject
Project("{9A19103F-16F7-4668-BE54-9A1E7A4F7556}") = "Yort.DeadManSwitch", "Yort.DeadManSwitch\Yort.DeadManSwitch.csproj", "{672D1291-469A-4ABC-BC44-2F2F43D8900B}"
EndProject
Project("{FAE04EC0-301F-11D3-BF4B-00C04F79EFBC}") = "Yort.DeadManSwitch.Tests", "Yort.DeadManSwitch.Tests\Yort.DeadManSwitch.Tests.csproj", "{1DBBCA83-24B0-4330-98E0-915B99B09EF9}"
EndProject
Global
	GlobalSection(SolutionConfigurationPlatforms) = preSolution
		Debug|Any CPU = Debug|Any CPU
		Release|Any CPU = Release|Any CPU
	EndGlobalSection
	GlobalSection(ProjectConfigurationPlatforms) = postSolution
		{F3CC56E3-29C7-42C7-8601-84E643EC84D9}.Debug|Any CPU.ActiveCfg = Debug|Any CPU
		{F3CC56E3-29C7-42C7-8601-84E643EC84D9}.Debug|Any CPU.Build.0 = Debug|Any CPU
		{F3CC56E3-29C7-42C7-8601-84E643EC84D9}.Release|Any CPU.ActiveCfg = Release|Any CPU
		{F3CC56E3-29C7-42C7-8601-84E643EC84D9}.Release|Any CPU.Build.0 = Release|Any CPU
		{672D1291-469A-4ABC-BC44-2F2F43D8900B}.Debug|Any CPU.ActiveCfg = Debug|Any CPU
		{672D1291-469A-4ABC-BC44-2F2F43D8900B}.Debug|Any CPU.Build.0 = Debug|Any CPU
		{672D1291-469A-4ABC-BC44-2F2F43D8900B}.Release|Any CPU.ActiveCfg = Release|Any CPU
		{672D1291-469A-4ABC-BC44-2F2F43D8900B}.Release|Any CPU.Build.0 = Release|Any CPU
		{1DBBCA83-24B0-4330-98E0-915B99B09EF9}.Debug|Any CPU.ActiveCfg = Debug|Any CPU
		{1DBBCA83-24B0-4330-98E0-915B99B09EF9}.Debug|Any CPU.Build.0 = Debug|Any CPU
		{1DBBCA83-24B0-4330-98E0-915B99B09EF9}.Release|Any CPU.ActiveCfg = Release|Any CPU
		{1DBBCA83-24B0-4330-98E0-915B99B09EF9}.Release|Any CPU.Build.0 = Release|Any CPU
	EndGlobalSection
	GlobalSection(SolutionProperties) = preSolution
		HideSolutionNode = FALSE
	EndGlobalSection
	GlobalSection(ExtensibilityGlobals) = postSolution
		SolutionGuid = {D9A9B096-A573-4C43-B7CE-53DA58FEC4C8}
	EndGlobalSection
EndGlobal
